
Microsoft Visual Studio Solution File, Format Version 12.00
# Visual Studio Version 17
VisualStudioVersion = 17.6.33829.357
MinimumVisualStudioVersion = 10.0.40219.1
Project("{FAE04EC0-301F-11D3-BF4B-00C04F79EFBC}") = "reading_file", "reading_file\reading_file.csproj", "{4472E520-5D09-4A1B-BAB8-12F60E4F12CE}"
EndProject
Global
	GlobalSection(SolutionConfigurationPlatforms) = preSolution
		Debug|Any CPU = Debug|Any CPU
		Release|Any CPU = Release|Any CPU
	EndGlobalSection
	GlobalSection(ProjectConfigurationPlatforms) = postSolution
		{4472E520-5D09-4A1B-BAB8-12F60E4F12CE}.Debug|Any CPU.ActiveCfg = Debug|Any CPU
		{4472E520-5D09-4A1B-BAB8-12F60E4F12CE}.Debug|Any CPU.Build.0 = Debug|Any CPU
		{4472E520-5D09-4A1B-BAB8-12F60E4F12CE}.Release|Any CPU.ActiveCfg = Release|Any CPU
		{4472E520-5D09-4A1B-BAB8-12F60E4F12CE}.Release|Any CPU.Build.0 = Release|Any CPU
	EndGlobalSection
	GlobalSection(SolutionProperties) = preSolution
		HideSolutionNode = FALSE
	EndGlobalSection
	GlobalSection(ExtensibilityGlobals) = postSolution
		SolutionGuid = {94A16305-5672-4F55-92B3-A4E4A7990843}
	EndGlobalSection
EndGlobal
